
Microsoft Visual Studio Solution File, Format Version 12.00
# Visual Studio Version 16
VisualStudioVersion = 16.0.30621.155
MinimumVisualStudioVersion = 10.0.40219.1
Project("{FAE04EC0-301F-11D3-BF4B-00C04F79EFBC}") = "WebProgramlamaOdev", "WebProgramlamaOdev\WebProgramlamaOdev.csproj", "{B46C2527-DE82-495F-A6F1-2D92242F6DF7}"
EndProject
Global
	GlobalSection(SolutionConfigurationPlatforms) = preSolution
		Debug|Any CPU = Debug|Any CPU
		Release|Any CPU = Release|Any CPU
	EndGlobalSection
	GlobalSection(ProjectConfigurationPlatforms) = postSolution
		{B46C2527-DE82-495F-A6F1-2D92242F6DF7}.Debug|Any CPU.ActiveCfg = Debug|Any CPU
		{B46C2527-DE82-495F-A6F1-2D92242F6DF7}.Debug|Any CPU.Build.0 = Debug|Any CPU
		{B46C2527-DE82-495F-A6F1-2D92242F6DF7}.Release|Any CPU.ActiveCfg = Release|Any CPU
		{B46C2527-DE82-495F-A6F1-2D92242F6DF7}.Release|Any CPU.Build.0 = Release|Any CPU
	EndGlobalSection
	GlobalSection(SolutionProperties) = preSolution
		HideSolutionNode = FALSE
	EndGlobalSection
	GlobalSection(ExtensibilityGlobals) = postSolution
		SolutionGuid = {2EC7BA50-504F-4E0E-82F2-33E4638707BD}
	EndGlobalSection
EndGlobal
